// !$*UTF8*$!
{
	archiveVersion = 1;
	classes = {
	};
	objectVersion = 46;
	objects = {

/* Begin PBXBuildFile section */
		22C5D0211ECEFBD900896E3D /* AppDelegate.swift in Sources */ = {isa = PBXBuildFile; fileRef = 22C5D0201ECEFBD900896E3D /* AppDelegate.swift */; };
		22C5D0231ECEFBD900896E3D /* ViewController.swift in Sources */ = {isa = PBXBuildFile; fileRef = 22C5D0221ECEFBD900896E3D /* ViewController.swift */; };
		22C5D0261ECEFBD900896E3D /* Main.storyboard in Resources */ = {isa = PBXBuildFile; fileRef = 22C5D0241ECEFBD900896E3D /* Main.storyboard */; };
		22C5D0281ECEFBD900896E3D /* Assets.xcassets in Resources */ = {isa = PBXBuildFile; fileRef = 22C5D0271ECEFBD900896E3D /* Assets.xcassets */; };
		22C5D02B1ECEFBD900896E3D /* LaunchScreen.storyboard in Resources */ = {isa = PBXBuildFile; fileRef = 22C5D0291ECEFBD900896E3D /* LaunchScreen.storyboard */; };
		22C5D0361ECEFBDA00896E3D /* ImagePickerSwiftTests.swift in Sources */ = {isa = PBXBuildFile; fileRef = 22C5D0351ECEFBDA00896E3D /* ImagePickerSwiftTests.swift */; };
		22C5D0411ECEFBDA00896E3D /* ImagePickerSwiftUITests.swift in Sources */ = {isa = PBXBuildFile; fileRef = 22C5D0401ECEFBDA00896E3D /* ImagePickerSwiftUITests.swift */; };
/* End PBXBuildFile section */

/* Begin PBXContainerItemProxy section */
		22C5D0321ECEFBDA00896E3D /* PBXContainerItemProxy */ = {
			isa = PBXContainerItemProxy;
			containerPortal = 22C5D0151ECEFBD900896E3D /* Project object */;
			proxyType = 1;
			remoteGlobalIDString = 22C5D01C1ECEFBD900896E3D;
			remoteInfo = ImagePickerSwift;
		};
		22C5D03D1ECEFBDA00896E3D /* PBXContainerItemProxy */ = {
			isa = PBXContainerItemProxy;
			containerPortal = 22C5D0151ECEFBD900896E3D /* Project object */;
			proxyType = 1;
			remoteGlobalIDString = 22C5D01C1ECEFBD900896E3D;
			remoteInfo = ImagePickerSwift;
		};
/* End PBXContainerItemProxy section */

/* Begin PBXFileReference section */
		22C5D01D1ECEFBD900896E3D /* ImagePickerSwift.app */ = {isa = PBXFileReference; explicitFileType = wrapper.application; includeInIndex = 0; path = ImagePickerSwift.app; sourceTree = BUILT_PRODUCTS_DIR; };
		22C5D0201ECEFBD900896E3D /* AppDelegate.swift */ = {isa = PBXFileReference; lastKnownFileType = sourcecode.swift; path = AppDelegate.swift; sourceTree = "<group>"; };
		22C5D0221ECEFBD900896E3D /* ViewController.swift */ = {isa = PBXFileReference; lastKnownFileType = sourcecode.swift; path = ViewController.swift; sourceTree = "<group>"; };
		22C5D0251ECEFBD900896E3D /* Base */ = {isa = PBXFileReference; lastKnownFileType = file.storyboard; name = Base; path = Base.lproj/Main.storyboard; sourceTree = "<group>"; };
		22C5D0271ECEFBD900896E3D /* Assets.xcassets */ = {isa = PBXFileReference; lastKnownFileType = folder.assetcatalog; path = Assets.xcassets; sourceTree = "<group>"; };
		22C5D02A1ECEFBD900896E3D /* Base */ = {isa = PBXFileReference; lastKnownFileType = file.storyboard; name = Base; path = Base.lproj/LaunchScreen.storyboard; sourceTree = "<group>"; };
		22C5D02C1ECEFBD900896E3D /* Info.plist */ = {isa = PBXFileReference; lastKnownFileType = text.plist.xml; path = Info.plist; sourceTree = "<group>"; };
		22C5D0311ECEFBDA00896E3D /* ImagePickerSwiftTests.xctest */ = {isa = PBXFileReference; explicitFileType = wrapper.cfbundle; includeInIndex = 0; path = ImagePickerSwiftTests.xctest; sourceTree = BUILT_PRODUCTS_DIR; };
		22C5D0351ECEFBDA00896E3D /* ImagePickerSwiftTests.swift */ = {isa = PBXFileReference; lastKnownFileType = sourcecode.swift; path = ImagePickerSwiftTests.swift; sourceTree = "<group>"; };
		22C5D0371ECEFBDA00896E3D /* Info.plist */ = {isa = PBXFileReference; lastKnownFileType = text.plist.xml; path = Info.plist; sourceTree = "<group>"; };
		22C5D03C1ECEFBDA00896E3D /* ImagePickerSwiftUITests.xctest */ = {isa = PBXFileReference; explicitFileType = wrapper.cfbundle; includeInIndex = 0; path = ImagePickerSwiftUITests.xctest; sourceTree = BUILT_PRODUCTS_DIR; };
		22C5D0401ECEFBDA00896E3D /* ImagePickerSwiftUITests.swift */ = {isa = PBXFileReference; lastKnownFileType = sourcecode.swift; path = ImagePickerSwiftUITests.swift; sourceTree = "<group>"; };
		22C5D0421ECEFBDA00896E3D /* Info.plist */ = {isa = PBXFileReference; lastKnownFileType = text.plist.xml; path = Info.plist; sourceTree = "<group>"; };
/* End PBXFileReference section */

/* Begin PBXFrameworksBuildPhase section */
		22C5D01A1ECEFBD900896E3D /* Frameworks */ = {
			isa = PBXFrameworksBuildPhase;
			buildActionMask = 2147483647;
			files = (
			);
			runOnlyForDeploymentPostprocessing = 0;
		};
		22C5D02E1ECEFBDA00896E3D /* Frameworks */ = {
			isa = PBXFrameworksBuildPhase;
			buildActionMask = 2147483647;
			files = (
			);
			runOnlyForDeploymentPostprocessing = 0;
		};
		22C5D0391ECEFBDA00896E3D /* Frameworks */ = {
			isa = PBXFrameworksBuildPhase;
			buildActionMask = 2147483647;
			files = (
			);
			runOnlyForDeploymentPostprocessing = 0;
		};
/* End PBXFrameworksBuildPhase section */

/* Begin PBXGroup section */
		22C5D0141ECEFBD900896E3D = {
			isa = PBXGroup;
			children = (
				22C5D01F1ECEFBD900896E3D /* ImagePickerSwift */,
				22C5D0341ECEFBDA00896E3D /* ImagePickerSwiftTests */,
				22C5D03F1ECEFBDA00896E3D /* ImagePickerSwiftUITests */,
				22C5D01E1ECEFBD900896E3D /* Products */,
			);
			sourceTree = "<group>";
		};
		22C5D01E1ECEFBD900896E3D /* Products */ = {
			isa = PBXGroup;
			children = (
				22C5D01D1ECEFBD900896E3D /* ImagePickerSwift.app */,
				22C5D0311ECEFBDA00896E3D /* ImagePickerSwiftTests.xctest */,
				22C5D03C1ECEFBDA00896E3D /* ImagePickerSwiftUITests.xctest */,
			);
			name = Products;
			sourceTree = "<group>";
		};
		22C5D01F1ECEFBD900896E3D /* ImagePickerSwift */ = {
			isa = PBXGroup;
			children = (
				22C5D0201ECEFBD900896E3D /* AppDelegate.swift */,
				22C5D0221ECEFBD900896E3D /* ViewController.swift */,
				22C5D0241ECEFBD900896E3D /* Main.storyboard */,
				22C5D0271ECEFBD900896E3D /* Assets.xcassets */,
				22C5D0291ECEFBD900896E3D /* LaunchScreen.storyboard */,
				22C5D02C1ECEFBD900896E3D /* Info.plist */,
			);
			path = ImagePickerSwift;
			sourceTree = "<group>";
		};
		22C5D0341ECEFBDA00896E3D /* ImagePickerSwiftTests */ = {
			isa = PBXGroup;
			children = (
				22C5D0351ECEFBDA00896E3D /* ImagePickerSwiftTests.swift */,
				22C5D0371ECEFBDA00896E3D /* Info.plist */,
			);
			path = ImagePickerSwiftTests;
			sourceTree = "<group>";
		};
		22C5D03F1ECEFBDA00896E3D /* ImagePickerSwiftUITests */ = {
			isa = PBXGroup;
			children = (
				22C5D0401ECEFBDA00896E3D /* ImagePickerSwiftUITests.swift */,
				22C5D0421ECEFBDA00896E3D /* Info.plist */,
			);
			path = ImagePickerSwiftUITests;
			sourceTree = "<group>";
		};
/* End PBXGroup section */

/* Begin PBXNativeTarget section */
		22C5D01C1ECEFBD900896E3D /* ImagePickerSwift */ = {
			isa = PBXNativeTarget;
			buildConfigurationList = 22C5D0451ECEFBDA00896E3D /* Build configuration list for PBXNativeTarget "ImagePickerSwift" */;
			buildPhases = (
				22C5D0191ECEFBD900896E3D /* Sources */,
				22C5D01A1ECEFBD900896E3D /* Frameworks */,
				22C5D01B1ECEFBD900896E3D /* Resources */,
			);
			buildRules = (
			);
			dependencies = (
			);
			name = ImagePickerSwift;
			productName = ImagePickerSwift;
			productReference = 22C5D01D1ECEFBD900896E3D /* ImagePickerSwift.app */;
			productType = "com.apple.product-type.application";
		};
		22C5D0301ECEFBDA00896E3D /* ImagePickerSwiftTests */ = {
			isa = PBXNativeTarget;
			buildConfigurationList = 22C5D0481ECEFBDA00896E3D /* Build configuration list for PBXNativeTarget "ImagePickerSwiftTests" */;
			buildPhases = (
				22C5D02D1ECEFBDA00896E3D /* Sources */,
				22C5D02E1ECEFBDA00896E3D /* Frameworks */,
				22C5D02F1ECEFBDA00896E3D /* Resources */,
			);
			buildRules = (
			);
			dependencies = (
				22C5D0331ECEFBDA00896E3D /* PBXTargetDependency */,
			);
			name = ImagePickerSwiftTests;
			productName = ImagePickerSwiftTests;
			productReference = 22C5D0311ECEFBDA00896E3D /* ImagePickerSwiftTests.xctest */;
			productType = "com.apple.product-type.bundle.unit-test";
		};
		22C5D03B1ECEFBDA00896E3D /* ImagePickerSwiftUITests */ = {
			isa = PBXNativeTarget;
			buildConfigurationList = 22C5D04B1ECEFBDA00896E3D /* Build configuration list for PBXNativeTarget "ImagePickerSwiftUITests" */;
			buildPhases = (
				22C5D0381ECEFBDA00896E3D /* Sources */,
				22C5D0391ECEFBDA00896E3D /* Frameworks */,
				22C5D03A1ECEFBDA00896E3D /* Resources */,
			);
			buildRules = (
			);
			dependencies = (
				22C5D03E1ECEFBDA00896E3D /* PBXTargetDependency */,
			);
			name = ImagePickerSwiftUITests;
			productName = ImagePickerSwiftUITests;
			productReference = 22C5D03C1ECEFBDA00896E3D /* ImagePickerSwiftUITests.xctest */;
			productType = "com.apple.product-type.bundle.ui-testing";
		};
/* End PBXNativeTarget section */

/* Begin PBXProject section */
		22C5D0151ECEFBD900896E3D /* Project object */ = {
			isa = PBXProject;
			attributes = {
				LastSwiftUpdateCheck = 0810;
				LastUpgradeCheck = 0810;
				ORGANIZATIONNAME = "MAC OS";
				TargetAttributes = {
					22C5D01C1ECEFBD900896E3D = {
						CreatedOnToolsVersion = 8.1;
						ProvisioningStyle = Automatic;
					};
					22C5D0301ECEFBDA00896E3D = {
						CreatedOnToolsVersion = 8.1;
						ProvisioningStyle = Automatic;
						TestTargetID = 22C5D01C1ECEFBD900896E3D;
					};
					22C5D03B1ECEFBDA00896E3D = {
						CreatedOnToolsVersion = 8.1;
						ProvisioningStyle = Automatic;
						TestTargetID = 22C5D01C1ECEFBD900896E3D;
					};
				};
			};
			buildConfigurationList = 22C5D0181ECEFBD900896E3D /* Build configuration list for PBXProject "ImagePickerSwift" */;
			compatibilityVersion = "Xcode 3.2";
			developmentRegion = English;
			hasScannedForEncodings = 0;
			knownRegions = (
				en,
				Base,
			);
			mainGroup = 22C5D0141ECEFBD900896E3D;
			productRefGroup = 22C5D01E1ECEFBD900896E3D /* Products */;
			projectDirPath = "";
			projectRoot = "";
			targets = (
				22C5D01C1ECEFBD900896E3D /* ImagePickerSwift */,
				22C5D0301ECEFBDA00896E3D /* ImagePickerSwiftTests */,
				22C5D03B1ECEFBDA00896E3D /* ImagePickerSwiftUITests */,
			);
		};
/* End PBXProject section */

/* Begin PBXResourcesBuildPhase section */
		22C5D01B1ECEFBD900896E3D /* Resources */ = {
			isa = PBXResourcesBuildPhase;
			buildActionMask = 2147483647;
			files = (
				22C5D02B1ECEFBD900896E3D /* LaunchScreen.storyboard in Resources */,
				22C5D0281ECEFBD900896E3D /* Assets.xcassets in Resources */,
				22C5D0261ECEFBD900896E3D /* Main.storyboard in Resources */,
			);
			runOnlyForDeploymentPostprocessing = 0;
		};
		22C5D02F1ECEFBDA00896E3D /* Resources */ = {
			isa = PBXResourcesBuildPhase;
			buildActionMask = 2147483647;
			files = (
			);
			runOnlyForDeploymentPostprocessing = 0;
		};
		22C5D03A1ECEFBDA00896E3D /* Resources */ = {
			isa = PBXResourcesBuildPhase;
			buildActionMask = 2147483647;
			files = (
			);
			runOnlyForDeploymentPostprocessing = 0;
		};
/* End PBXResourcesBuildPhase section */

/* Begin PBXSourcesBuildPhase section */
		22C5D0191ECEFBD900896E3D /* Sources */ = {
			isa = PBXSourcesBuildPhase;
			buildActionMask = 2147483647;
			files = (
				22C5D0231ECEFBD900896E3D /* ViewController.swift in Sources */,
				22C5D0211ECEFBD900896E3D /* AppDelegate.swift in Sources */,
			);
			runOnlyForDeploymentPostprocessing = 0;
		};
		22C5D02D1ECEFBDA00896E3D /* Sources */ = {
			isa = PBXSourcesBuildPhase;
			buildActionMask = 2147483647;
			files = (
				22C5D0361ECEFBDA00896E3D /* ImagePickerSwiftTests.swift in Sources */,
			);
			runOnlyForDeploymentPostprocessing = 0;
		};
		22C5D0381ECEFBDA00896E3D /* Sources */ = {
			isa = PBXSourcesBuildPhase;
			buildActionMask = 2147483647;
			files = (
				22C5D0411ECEFBDA00896E3D /* ImagePickerSwiftUITests.swift in Sources */,
			);
			runOnlyForDeploymentPostprocessing = 0;
		};
/* End PBXSourcesBuildPhase section */

/* Begin PBXTargetDependency section */
		22C5D0331ECEFBDA00896E3D /* PBXTargetDependency */ = {
			isa = PBXTargetDependency;
			target = 22C5D01C1ECEFBD900896E3D /* ImagePickerSwift */;
			targetProxy = 22C5D0321ECEFBDA00896E3D /* PBXContainerItemProxy */;
		};
		22C5D03E1ECEFBDA00896E3D /* PBXTargetDependency */ = {
			isa = PBXTargetDependency;
			target = 22C5D01C1ECEFBD900896E3D /* ImagePickerSwift */;
			targetProxy = 22C5D03D1ECEFBDA00896E3D /* PBXContainerItemProxy */;
		};
/* End PBXTargetDependency section */

/* Begin PBXVariantGroup section */
		22C5D0241ECEFBD900896E3D /* Main.storyboard */ = {
			isa = PBXVariantGroup;
			children = (
				22C5D0251ECEFBD900896E3D /* Base */,
			);
			name = Main.storyboard;
			sourceTree = "<group>";
		};
		22C5D0291ECEFBD900896E3D /* LaunchScreen.storyboard */ = {
			isa = PBXVariantGroup;
			children = (
				22C5D02A1ECEFBD900896E3D /* Base */,
			);
			name = LaunchScreen.storyboard;
			sourceTree = "<group>";
		};
/* End PBXVariantGroup section */

/* Begin XCBuildConfiguration section */
		22C5D0431ECEFBDA00896E3D /* Debug */ = {
			isa = XCBuildConfiguration;
			buildSettings = {
				ALWAYS_SEARCH_USER_PATHS = NO;
				CLANG_ANALYZER_NONNULL = YES;
				CLANG_CXX_LANGUAGE_STANDARD = "gnu++0x";
				CLANG_CXX_LIBRARY = "libc++";
				CLANG_ENABLE_MODULES = YES;
				CLANG_ENABLE_OBJC_ARC = YES;
				CLANG_WARN_BOOL_CONVERSION = YES;
				CLANG_WARN_CONSTANT_CONVERSION = YES;
				CLANG_WARN_DIRECT_OBJC_ISA_USAGE = YES_ERROR;
				CLANG_WARN_DOCUMENTATION_COMMENTS = YES;
				CLANG_WARN_EMPTY_BODY = YES;
				CLANG_WARN_ENUM_CONVERSION = YES;
				CLANG_WARN_INFINITE_RECURSION = YES;
				CLANG_WARN_INT_CONVERSION = YES;
				CLANG_WARN_OBJC_ROOT_CLASS = YES_ERROR;
				CLANG_WARN_SUSPICIOUS_MOVES = YES;
				CLANG_WARN_UNREACHABLE_CODE = YES;
				CLANG_WARN__DUPLICATE_METHOD_MATCH = YES;
				"CODE_SIGN_IDENTITY[sdk=iphoneos*]" = "iPhone Developer";
				COPY_PHASE_STRIP = NO;
				DEBUG_INFORMATION_FORMAT = dwarf;
				ENABLE_STRICT_OBJC_MSGSEND = YES;
				ENABLE_TESTABILITY = YES;
				GCC_C_LANGUAGE_STANDARD = gnu99;
				GCC_DYNAMIC_NO_PIC = NO;
				GCC_NO_COMMON_BLOCKS = YES;
				GCC_OPTIMIZATION_LEVEL = 0;
				GCC_PREPROCESSOR_DEFINITIONS = (
					"DEBUG=1",
					"$(inherited)",
				);
				GCC_WARN_64_TO_32_BIT_CONVERSION = YES;
				GCC_WARN_ABOUT_RETURN_TYPE = YES_ERROR;
				GCC_WARN_UNDECLARED_SELECTOR = YES;
				GCC_WARN_UNINITIALIZED_AUTOS = YES_AGGRESSIVE;
				GCC_WARN_UNUSED_FUNCTION = YES;
				GCC_WARN_UNUSED_VARIABLE = YES;
				IPHONEOS_DEPLOYMENT_TARGET = 10.1;
				MTL_ENABLE_DEBUG_INFO = YES;
				ONLY_ACTIVE_ARCH = YES;
				SDKROOT = iphoneos;
				SWIFT_ACTIVE_COMPILATION_CONDITIONS = DEBUG;
				SWIFT_OPTIMIZATION_LEVEL = "-Onone";
			};
			name = Debug;
		};
		22C5D0441ECEFBDA00896E3D /* Release */ = {
			isa = XCBuildConfiguration;
			buildSettings = {
				ALWAYS_SEARCH_USER_PATHS = NO;
				CLANG_ANALYZER_NONNULL = YES;
				CLANG_CXX_LANGUAGE_STANDARD = "gnu++0x";
				CLANG_CXX_LIBRARY = "libc++";
				CLANG_ENABLE_MODULES = YES;
				CLANG_ENABLE_OBJC_ARC = YES;
				CLANG_WARN_BOOL_CONVERSION = YES;
				CLANG_WARN_CONSTANT_CONVERSION = YES;
				CLANG_WARN_DIRECT_OBJC_ISA_USAGE = YES_ERROR;
				CLANG_WARN_DOCUMENTATION_COMMENTS = YES;
				CLANG_WARN_EMPTY_BODY = YES;
				CLANG_WARN_ENUM_CONVERSION = YES;
				CLANG_WARN_INFINITE_RECURSION = YES;
				CLANG_WARN_INT_CONVERSION = YES;
				CLANG_WARN_OBJC_ROOT_CLASS = YES_ERROR;
				CLANG_WARN_SUSPICIOUS_MOVES = YES;
				CLANG_WARN_UNREACHABLE_CODE = YES;
				CLANG_WARN__DUPLICATE_METHOD_MATCH = YES;
				"CODE_SIGN_IDENTITY[sdk=iphoneos*]" = "iPhone Developer";
				COPY_PHASE_STRIP = NO;
				DEBUG_INFORMATION_FORMAT = "dwarf-with-dsym";
				ENABLE_NS_ASSERTIONS = NO;
				ENABLE_STRICT_OBJC_MSGSEND = YES;
				GCC_C_LANGUAGE_STANDARD = gnu99;
				GCC_NO_COMMON_BLOCKS = YES;
				GCC_WARN_64_TO_32_BIT_CONVERSION = YES;
				GCC_WARN_ABOUT_RETURN_TYPE = YES_ERROR;
				GCC_WARN_UNDECLARED_SELECTOR = YES;
				GCC_WARN_UNINITIALIZED_AUTOS = YES_AGGRESSIVE;
				GCC_WARN_UNUSED_FUNCTION = YES;
				GCC_WARN_UNUSED_VARIABLE = YES;
				IPHONEOS_DEPLOYMENT_TARGET = 10.1;
				MTL_ENABLE_DEBUG_INFO = NO;
				SDKROOT = iphoneos;
				SWIFT_OPTIMIZATION_LEVEL = "-Owholemodule";
				VALIDATE_PRODUCT = YES;
			};
			name = Release;
		};
		22C5D0461ECEFBDA00896E3D /* Debug */ = {
			isa = XCBuildConfiguration;
			buildSettings = {
				ASSETCATALOG_COMPILER_APPICON_NAME = AppIcon;
				INFOPLIST_FILE = ImagePickerSwift/Info.plist;
				LD_RUNPATH_SEARCH_PATHS = "$(inherited) @executable_path/Frameworks";
				PRODUCT_BUNDLE_IDENTIFIER = tops.ImagePickerSwift;
				PRODUCT_NAME = "$(TARGET_NAME)";
				SWIFT_VERSION = 3.0;
			};
			name = Debug;
		};
		22C5D0471ECEFBDA00896E3D /* Release */ = {
			isa = XCBuildConfiguration;
			buildSettings = {
				ASSETCATALOG_COMPILER_APPICON_NAME = AppIcon;
				INFOPLIST_FILE = ImagePickerSwift/Info.plist;
				LD_RUNPATH_SEARCH_PATHS = "$(inherited) @executable_path/Frameworks";
				PRODUCT_BUNDLE_IDENTIFIER = tops.ImagePickerSwift;
				PRODUCT_NAME = "$(TARGET_NAME)";
				SWIFT_VERSION = 3.0;
			};
			name = Release;
		};
		22C5D0491ECEFBDA00896E3D /* Debug */ = {
			isa = XCBuildConfiguration;
			buildSettings = {
				ALWAYS_EMBED_SWIFT_STANDARD_LIBRARIES = YES;
				BUNDLE_LOADER = "$(TEST_HOST)";
				INFOPLIST_FILE = ImagePickerSwiftTests/Info.plist;
				LD_RUNPATH_SEARCH_PATHS = "$(inherited) @executable_path/Frameworks @loader_path/Frameworks";
				PRODUCT_BUNDLE_IDENTIFIER = tops.ImagePickerSwiftTests;
				PRODUCT_NAME = "$(TARGET_NAME)";
				SWIFT_VERSION = 3.0;
				TEST_HOST = "$(BUILT_PRODUCTS_DIR)/ImagePickerSwift.app/ImagePickerSwift";
			};
			name = Debug;
		};
		22C5D04A1ECEFBDA00896E3D /* Release */ = {
			isa = XCBuildConfiguration;
			buildSettings = {
				ALWAYS_EMBED_SWIFT_STANDARD_LIBRARIES = YES;
				BUNDLE_LOADER = "$(TEST_HOST)";
				INFOPLIST_FILE = ImagePickerSwiftTests/Info.plist;
				LD_RUNPATH_SEARCH_PATHS = "$(inherited) @executable_path/Frameworks @loader_path/Frameworks";
				PRODUCT_BUNDLE_IDENTIFIER = tops.ImagePickerSwiftTests;
				PRODUCT_NAME = "$(TARGET_NAME)";
				SWIFT_VERSION = 3.0;
				TEST_HOST = "$(BUILT_PRODUCTS_DIR)/ImagePickerSwift.app/ImagePickerSwift";
			};
			name = Release;
		};
		22C5D04C1ECEFBDA00896E3D /* Debug */ = {
			isa = XCBuildConfiguration;
			buildSettings = {
				ALWAYS_EMBED_SWIFT_STANDARD_LIBRARIES = YES;
				INFOPLIST_FILE = ImagePickerSwiftUITests/Info.plist;
				LD_RUNPATH_SEARCH_PATHS = "$(inherited) @executable_path/Frameworks @loader_path/Frameworks";
				PRODUCT_BUNDLE_IDENTIFIER = tops.ImagePickerSwiftUITests;
				PRODUCT_NAME = "$(TARGET_NAME)";
				SWIFT_VERSION = 3.0;
				TEST_TARGET_NAME = ImagePickerSwift;
			};
			name = Debug;
		};
		22C5D04D1ECEFBDA00896E3D /* Release */ = {
			isa = XCBuildConfiguration;
			buildSettings = {
				ALWAYS_EMBED_SWIFT_STANDARD_LIBRARIES = YES;
				INFOPLIST_FILE = ImagePickerSwiftUITests/Info.plist;
				LD_RUNPATH_SEARCH_PATHS = "$(inherited) @executable_path/Frameworks @loader_path/Frameworks";
				PRODUCT_BUNDLE_IDENTIFIER = tops.ImagePickerSwiftUITests;
				PRODUCT_NAME = "$(TARGET_NAME)";
				SWIFT_VERSION = 3.0;
				TEST_TARGET_NAME = ImagePickerSwift;
			};
			name = Release;
		};
/* End XCBuildConfiguration section */

/* Begin XCConfigurationList section */
		22C5D0181ECEFBD900896E3D /* Build configuration list for PBXProject "ImagePickerSwift" */ = {
			isa = XCConfigurationList;
			buildConfigurations = (
				22C5D0431ECEFBDA00896E3D /* Debug */,
				22C5D0441ECEFBDA00896E3D /* Release */,
			);
			defaultConfigurationIsVisible = 0;
			defaultConfigurationName = Release;
		};
		22C5D0451ECEFBDA00896E3D /* Build configuration list for PBXNativeTarget "ImagePickerSwift" */ = {
			isa = XCConfigurationList;
			buildConfigurations = (
				22C5D0461ECEFBDA00896E3D /* Debug */,
				22C5D0471ECEFBDA00896E3D /* Release */,
			);
			defaultConfigurationIsVisible = 0;
		};
		22C5D0481ECEFBDA00896E3D /* Build configuration list for PBXNativeTarget "ImagePickerSwiftTests" */ = {
			isa = XCConfigurationList;
			buildConfigurations = (
				22C5D0491ECEFBDA00896E3D /* Debug */,
				22C5D04A1ECEFBDA00896E3D /* Release */,
			);
			defaultConfigurationIsVisible = 0;
		};
		22C5D04B1ECEFBDA00896E3D /* Build configuration list for PBXNativeTarget "ImagePickerSwiftUITests" */ = {
			isa = XCConfigurationList;
			buildConfigurations = (
				22C5D04C1ECEFBDA00896E3D /* Debug */,
				22C5D04D1ECEFBDA00896E3D /* Release */,
			);
			defaultConfigurationIsVisible = 0;
		};
/* End XCConfigurationList section */
	};
	rootObject = 22C5D0151ECEFBD900896E3D /* Project object */;
}
